
Microsoft Visual Studio Solution File, Format Version 12.00
# Visual Studio Version 16
VisualStudioVersion = 16.0.29215.179
MinimumVisualStudioVersion = 10.0.40219.1
Project("{FAE04EC0-301F-11D3-BF4B-00C04F79EFBC}") = "BD_Pulsaciones", "BD_Pulsaciones\BD_Pulsaciones.csproj", "{53EECAD7-3CC1-4BB9-AC34-559F1FA15F82}"
EndProject
Project("{FAE04EC0-301F-11D3-BF4B-00C04F79EFBC}") = "BLL", "BLL\BLL.csproj", "{5B0590F0-DA76-4A61-9E60-C5EDA41DA8E4}"
EndProject
Project("{FAE04EC0-301F-11D3-BF4B-00C04F79EFBC}") = "DAL", "DAL\DAL.csproj", "{740F5E88-2522-412A-8D8E-2CE400C66B43}"
EndProject
Project("{FAE04EC0-301F-11D3-BF4B-00C04F79EFBC}") = "Entity", "Entity\Entity.csproj", "{7D22C0CD-47D4-4055-BFCB-C569C134D795}"
EndProject
Project("{FAE04EC0-301F-11D3-BF4B-00C04F79EFBC}") = "Infraestructura", "Infraestructura\Infraestructura.csproj", "{1538055D-EDCD-4F03-A51D-20D1E27F857D}"
EndProject
Global
	GlobalSection(SolutionConfigurationPlatforms) = preSolution
		Debug|Any CPU = Debug|Any CPU
		Release|Any CPU = Release|Any CPU
	EndGlobalSection
	GlobalSection(ProjectConfigurationPlatforms) = postSolution
		{53EECAD7-3CC1-4BB9-AC34-559F1FA15F82}.Debug|Any CPU.ActiveCfg = Debug|Any CPU
		{53EECAD7-3CC1-4BB9-AC34-559F1FA15F82}.Debug|Any CPU.Build.0 = Debug|Any CPU
		{53EECAD7-3CC1-4BB9-AC34-559F1FA15F82}.Release|Any CPU.ActiveCfg = Release|Any CPU
		{53EECAD7-3CC1-4BB9-AC34-559F1FA15F82}.Release|Any CPU.Build.0 = Release|Any CPU
		{5B0590F0-DA76-4A61-9E60-C5EDA41DA8E4}.Debug|Any CPU.ActiveCfg = Debug|Any CPU
		{5B0590F0-DA76-4A61-9E60-C5EDA41DA8E4}.Debug|Any CPU.Build.0 = Debug|Any CPU
		{5B0590F0-DA76-4A61-9E60-C5EDA41DA8E4}.Release|Any CPU.ActiveCfg = Release|Any CPU
		{5B0590F0-DA76-4A61-9E60-C5EDA41DA8E4}.Release|Any CPU.Build.0 = Release|Any CPU
		{740F5E88-2522-412A-8D8E-2CE400C66B43}.Debug|Any CPU.ActiveCfg = Debug|Any CPU
		{740F5E88-2522-412A-8D8E-2CE400C66B43}.Debug|Any CPU.Build.0 = Debug|Any CPU
		{740F5E88-2522-412A-8D8E-2CE400C66B43}.Release|Any CPU.ActiveCfg = Release|Any CPU
		{740F5E88-2522-412A-8D8E-2CE400C66B43}.Release|Any CPU.Build.0 = Release|Any CPU
		{7D22C0CD-47D4-4055-BFCB-C569C134D795}.Debug|Any CPU.ActiveCfg = Debug|Any CPU
		{7D22C0CD-47D4-4055-BFCB-C569C134D795}.Debug|Any CPU.Build.0 = Debug|Any CPU
		{7D22C0CD-47D4-4055-BFCB-C569C134D795}.Release|Any CPU.ActiveCfg = Release|Any CPU
		{7D22C0CD-47D4-4055-BFCB-C569C134D795}.Release|Any CPU.Build.0 = Release|Any CPU
		{1538055D-EDCD-4F03-A51D-20D1E27F857D}.Debug|Any CPU.ActiveCfg = Debug|Any CPU
		{1538055D-EDCD-4F03-A51D-20D1E27F857D}.Debug|Any CPU.Build.0 = Debug|Any CPU
		{1538055D-EDCD-4F03-A51D-20D1E27F857D}.Release|Any CPU.ActiveCfg = Release|Any CPU
		{1538055D-EDCD-4F03-A51D-20D1E27F857D}.Release|Any CPU.Build.0 = Release|Any CPU
	EndGlobalSection
	GlobalSection(SolutionProperties) = preSolution
		HideSolutionNode = FALSE
	EndGlobalSection
	GlobalSection(ExtensibilityGlobals) = postSolution
		SolutionGuid = {1F3BFF95-A04E-4F43-99F0-53E8E42ED40A}
	EndGlobalSection
EndGlobal
